lockfileVersion: 5.3

specifiers:
  '@vitejs/plugin-vue': ^2.2.4
  axios: 0.26.0
  currying-request: ^0.0.2
  p-limit: ^4.0.0
  vite: ^2.6.4
  vite-plugin-md: ^0.11.9
  vue: ^3.2.31

dependencies:
  '@vitejs/plugin-vue': 2.2.4_vite@2.8.6+vue@3.2.31
  axios: 0.26.0
  currying-request: 0.0.2_axios@0.26.0
  p-limit: 4.0.0
  vite-plugin-md: 0.11.9_vite@2.8.6
  vue: 3.2.31

devDependencies:
  vite: 2.8.6

packages:

  /@antfu/utils/0.5.0:
    resolution: {integrity: sha512-MrAQ/MrPSxbh1bBrmwJjORfJymw4IqSHFBXqvxaga3ZdDM+/zokYF8DjyJpSjY2QmpmgQrajDUBJOWrYeARfzA==}
    dev: false

  /@babel/parser/7.17.3:
    resolution: {integrity: sha512-7yJPvPV+ESz2IUTPbOL+YkIGyCqOyNIzdguKQuJGnH7bg1WTIifuM21YqokFt/THWh1AkCRn9IgoykTRCBVpzA==}
    engines: {node: '>=6.0.0'}
    hasBin: true
    dev: false

  /@rollup/pluginutils/4.2.0:
    resolution: {integrity: sha512-2WUyJNRkyH5p487pGnn4tWAsxhEFKN/pT8CMgHshd5H+IXkOnKvKZwsz5ZWz+YCXkleZRAU5kwbfgF8CPfDRqA==}
    engines: {node: '>= 8.0.0'}
    dependencies:
      estree-walker: 2.0.2
      picomatch: 2.3.1
    dev: false

  /@types/linkify-it/3.0.2:
    resolution: {integrity: sha512-HZQYqbiFVWufzCwexrvh694SOim8z2d+xJl5UNamcvQFejLY/2YUtzXHYi3cHdI7PMlS8ejH2slRAOJQ32aNbA==}
    dev: false

  /@types/markdown-it/12.2.3:
    resolution: {integrity: sha512-GKMHFfv3458yYy+v/N8gjufHO6MSZKCOXpZc5GXIWWy8uldwfmPn98vp81gZ5f9SVw8YYBctgfJ22a2d7AOMeQ==}
    dependencies:
      '@types/linkify-it': 3.0.2
      '@types/mdurl': 1.0.2
    dev: false

  /@types/mdurl/1.0.2:
    resolution: {integrity: sha512-eC4U9MlIcu2q0KQmXszyn5Akca/0jrQmwDRgpAMJai7qBWq4amIQhZyNau4VYGtCeALvW1/NtjzJJ567aZxfKA==}
    dev: false

  /@vitejs/plugin-vue/2.2.4_vite@2.8.6+vue@3.2.31:
    resolution: {integrity: sha512-ev9AOlp0ljCaDkFZF3JwC/pD2N4Hh+r5srl5JHM6BKg5+99jiiK0rE/XaRs3pVm1wzyKkjUy/StBSoXX5fFzcw==}
    engines: {node: '>=12.0.0'}
    peerDependencies:
      vite: ^2.5.10
      vue: ^3.2.25
    dependencies:
      vite: 2.8.6
      vue: 3.2.31
    dev: false

  /@vue/compiler-core/3.2.31:
    resolution: {integrity: sha512-aKno00qoA4o+V/kR6i/pE+aP+esng5siNAVQ422TkBNM6qA4veXiZbSe8OTXHXquEi/f6Akc+nLfB4JGfe4/WQ==}
    dependencies:
      '@babel/parser': 7.17.3
      '@vue/shared': 3.2.31
      estree-walker: 2.0.2
      source-map: 0.6.1
    dev: false

  /@vue/compiler-dom/3.2.31:
    resolution: {integrity: sha512-60zIlFfzIDf3u91cqfqy9KhCKIJgPeqxgveH2L+87RcGU/alT6BRrk5JtUso0OibH3O7NXuNOQ0cDc9beT0wrg==}
    dependencies:
      '@vue/compiler-core': 3.2.31
      '@vue/shared': 3.2.31
    dev: false

  /@vue/compiler-sfc/3.2.31:
    resolution: {integrity: sha512-748adc9msSPGzXgibHiO6T7RWgfnDcVQD+VVwYgSsyyY8Ans64tALHZANrKtOzvkwznV/F4H7OAod/jIlp/dkQ==}
    dependencies:
      '@babel/parser': 7.17.3
      '@vue/compiler-core': 3.2.31
      '@vue/compiler-dom': 3.2.31
      '@vue/compiler-ssr': 3.2.31
      '@vue/reactivity-transform': 3.2.31
      '@vue/shared': 3.2.31
      estree-walker: 2.0.2
      magic-string: 0.25.9
      postcss: 8.4.8
      source-map: 0.6.1
    dev: false

  /@vue/compiler-ssr/3.2.31:
    resolution: {integrity: sha512-mjN0rqig+A8TVDnsGPYJM5dpbjlXeHUm2oZHZwGyMYiGT/F4fhJf/cXy8QpjnLQK4Y9Et4GWzHn9PS8AHUnSkw==}
    dependencies:
      '@vue/compiler-dom': 3.2.31
      '@vue/shared': 3.2.31
    dev: false

  /@vue/reactivity-transform/3.2.31:
    resolution: {integrity: sha512-uS4l4z/W7wXdI+Va5pgVxBJ345wyGFKvpPYtdSgvfJfX/x2Ymm6ophQlXXB6acqGHtXuBqNyyO3zVp9b1r0MOA==}
    dependencies:
      '@babel/parser': 7.17.3
      '@vue/compiler-core': 3.2.31
      '@vue/shared': 3.2.31
      estree-walker: 2.0.2
      magic-string: 0.25.9
    dev: false

  /@vue/reactivity/3.2.31:
    resolution: {integrity: sha512-HVr0l211gbhpEKYr2hYe7hRsV91uIVGFYNHj73njbARVGHQvIojkImKMaZNDdoDZOIkMsBc9a1sMqR+WZwfSCw==}
    dependencies:
      '@vue/shared': 3.2.31
    dev: false

  /@vue/runtime-core/3.2.31:
    resolution: {integrity: sha512-Kcog5XmSY7VHFEMuk4+Gap8gUssYMZ2+w+cmGI6OpZWYOEIcbE0TPzzPHi+8XTzAgx1w/ZxDFcXhZeXN5eKWsA==}
    dependencies:
      '@vue/reactivity': 3.2.31
      '@vue/shared': 3.2.31
    dev: false

  /@vue/runtime-dom/3.2.31:
    resolution: {integrity: sha512-N+o0sICVLScUjfLG7u9u5XCjvmsexAiPt17GNnaWHJUfsKed5e85/A3SWgKxzlxx2SW/Hw7RQxzxbXez9PtY3g==}
    dependencies:
      '@vue/runtime-core': 3.2.31
      '@vue/shared': 3.2.31
      csstype: 2.6.20
    dev: false

  /@vue/server-renderer/3.2.31_vue@3.2.31:
    resolution: {integrity: sha512-8CN3Zj2HyR2LQQBHZ61HexF5NReqngLT3oahyiVRfSSvak+oAvVmu8iNLSu6XR77Ili2AOpnAt1y8ywjjqtmkg==}
    peerDependencies:
      vue: 3.2.31
    dependencies:
      '@vue/compiler-ssr': 3.2.31
      '@vue/shared': 3.2.31
      vue: 3.2.31
    dev: false

  /@vue/shared/3.2.31:
    resolution: {integrity: sha512-ymN2pj6zEjiKJZbrf98UM2pfDd6F2H7ksKw7NDt/ZZ1fh5Ei39X5tABugtT03ZRlWd9imccoK0hE8hpjpU7irQ==}
    dev: false

  /argparse/1.0.10:
    resolution: {integrity: sha512-o5Roy6tNG4SL/FOkCAN6RzjiakZS25RLYFrcMttJqbdd8BWrnA+fGz57iN5Pb06pvBGvl5gQ0B48dJlslXvoTg==}
    dependencies:
      sprintf-js: 1.0.3
    dev: false

  /argparse/2.0.1:
    resolution: {integrity: sha512-8+9WqebbFzpX9OR+Wa6O29asIogeRMzcGtAINdpMHHyAg10f05aSFVBbcEqGf/PXw1EjAZ+q2/bEBg3DvurK3Q==}
    dev: false

  /axios/0.26.0:
    resolution: {integrity: sha512-lKoGLMYtHvFrPVt3r+RBMp9nh34N0M8zEfCWqdWZx6phynIEhQqAdydpyBAAG211zlhX9Rgu08cOamy6XjE5Og==}
    dependencies:
      follow-redirects: 1.14.9
    transitivePeerDependencies:
      - debug
    dev: false

  /csstype/2.6.20:
    resolution: {integrity: sha512-/WwNkdXfckNgw6S5R125rrW8ez139lBHWouiBvX8dfMFtcn6V81REDqnH7+CRpRipfYlyU1CmOnOxrmGcFOjeA==}
    dev: false

  /currying-request/0.0.2_axios@0.26.0:
    resolution: {integrity: sha512-tE22+vITuFYYSbNhw5gH+ihn0ca0thn9xRhFWXV1df0pAkHkVukVmty016NOYuk2A7wf3cUKaO9r0/51/m4tUA==}
    peerDependencies:
      axios: ^0.26.0
    dependencies:
      axios: 0.26.0
    dev: false

  /entities/2.1.0:
    resolution: {integrity: sha512-hCx1oky9PFrJ611mf0ifBLBRW8lUUVRlFolb5gWRfIELabBlbp9xZvrqZLZAs+NxFnbfQoeGd8wDkygjg7U85w==}
    dev: false

  /esbuild-android-64/0.14.25:
    resolution: {integrity: sha512-L5vCUk7TzFbBnoESNoXjU3x9+/+7TDIE/1mTfy/erAfvZAqC+S3sp/Qa9wkypFMcFvN9FzvESkTlpeQDolREtQ==}
    engines: {node: '>=12'}
    cpu: [x64]
    os: [android]
    requiresBuild: true
    dev: true
    optional: true

  /esbuild-android-arm64/0.14.25:
    resolution: {integrity: sha512-4jv5xPjM/qNm27T5j3ZEck0PvjgQtoMHnz4FzwF5zNP56PvY2CT0WStcAIl6jNlsuDdN63rk2HRBIsO6xFbcFw==}
    engines: {node: '>=12'}
    cpu: [arm64]
    os: [android]
    requiresBuild: true
    dev: true
    optional: true

  /esbuild-darwin-64/0.14.25:
    resolution: {integrity: sha512-TGp8tuudIxOyWd1+8aYPxQmC1ZQyvij/AfNBa35RubixD0zJ1vkKHVAzo0Zao1zcG6pNqiSyzfPto8vmg0s7oA==}
    engines: {node: '>=12'}
    cpu: [x64]
    os: [darwin]
    requiresBuild: true
    dev: true
    optional: true

  /esbuild-darwin-arm64/0.14.25:
    resolution: {integrity: sha512-oTcDgdm0MDVEmw2DWu8BV68pYuImpFgvWREPErBZmNA4MYKGuBRaCiJqq6jZmBR1x+3y1DWCjez+5uLtuAm6mw==}
    engines: {node: '>=12'}
    cpu: [arm64]
    os: [darwin]
    requiresBuild: true
    dev: true
    optional: true

  /esbuild-freebsd-64/0.14.25:
    resolution: {integrity: sha512-ueAqbnMZ8arnuLH8tHwTCQYeptnHOUV7vA6px6j4zjjQwDx7TdP7kACPf3TLZLdJQ3CAD1XCvQ2sPhX+8tacvQ==}
    engines: {node: '>=12'}
    cpu: [x64]
    os: [freebsd]
    requiresBuild: true
    dev: true
    optional: true

  /esbuild-freebsd-arm64/0.14.25:
    resolution: {integrity: sha512-+ZVWud2HKh+Ob6k/qiJWjBtUg4KmJGGmbvEXXW1SNKS7hW7HU+Zq2ZCcE1akFxOPkVB+EhOty/sSek30tkCYug==}
    engines: {node: '>=12'}
    cpu: [arm64]
    os: [freebsd]
    requiresBuild: true
    dev: true
    optional: true

  /esbuild-linux-32/0.14.25:
    resolution: {integrity: sha512-3OP/lwV3kCzEz45tobH9nj+uE4ubhGsfx+tn0L26WAGtUbmmcRpqy7XRG/qK7h1mClZ+eguIANcQntYMdYklfw==}
    engines: {node: '>=12'}
    cpu: [ia32]
    os: [linux]
    requiresBuild: true
    dev: true
    optional: true

  /esbuild-linux-64/0.14.25:
    resolution: {integrity: sha512-+aKHdHZmX9qwVlQmu5xYXh7GsBFf4TWrePgeJTalhXHOG7NNuUwoHmketGiZEoNsWyyqwH9rE5BC+iwcLY30Ug==}
    engines: {node: '>=12'}
    cpu: [x64]
    os: [linux]
    requiresBuild: true
    dev: true
    optional: true

  /esbuild-linux-arm/0.14.25:
    resolution: {integrity: sha512-aTLcE2VBoLydL943REcAcgnDi3bHtmULSXWLbjtBdtykRatJVSxKMjK9YlBXUZC4/YcNQfH7AxwVeQr9fNxPhw==}
    engines: {node: '>=12'}
    cpu: [arm]
    os: [linux]
    requiresBuild: true
    dev: true
    optional: true

  /esbuild-linux-arm64/0.14.25:
    resolution: {integrity: sha512-UxfenPx/wSZx55gScCImPtXekvZQLI2GW3qe5dtlmU7luiqhp5GWPzGeQEbD3yN3xg/pHc671m5bma5Ns7lBHw==}
    engines: {node: '>=12'}
    cpu: [arm64]
    os: [linux]
    requiresBuild: true
    dev: true
    optional: true

  /esbuild-linux-mips64le/0.14.25:
    resolution: {integrity: sha512-wLWYyqVfYx9Ur6eU5RT92yJVsaBGi5RdkoWqRHOqcJ38Kn60QMlcghsKeWfe9jcYut8LangYZ98xO1LxIoSXrQ==}
    engines: {node: '>=12'}
    cpu: [mips64el]
    os: [linux]
    requiresBuild: true
    dev: true
    optional: true

  /esbuild-linux-ppc64le/0.14.25:
    resolution: {integrity: sha512-0dR6Csl6Zas3g4p9ULckEl8Mo8IInJh33VCJ3eaV1hj9+MHGdmDOakYMN8MZP9/5nl+NU/0ygpd14cWgy8uqRw==}
    engines: {node: '>=12'}
    cpu: [ppc64]
    os: [linux]
    requiresBuild: true
    dev: true
    optional: true

  /esbuild-linux-riscv64/0.14.25:
    resolution: {integrity: sha512-J4d20HDmTrgvhR0bdkDhvvJGaikH3LzXQnNaseo8rcw9Yqby9A90gKUmWpfwqLVNRILvNnAmKLfBjCKU9ajg8w==}
    engines: {node: '>=12'}
    cpu: [riscv64]
    os: [linux]
    requiresBuild: true
    dev: true
    optional: true

  /esbuild-linux-s390x/0.14.25:
    resolution: {integrity: sha512-YI2d5V6nTE73ZnhEKQD7MtsPs1EtUZJ3obS21oxQxGbbRw1G+PtJKjNyur+3t6nzHP9oTg6GHQ3S3hOLLmbDIQ==}
    engines: {node: '>=12'}
    cpu: [s390x]
    os: [linux]
    requiresBuild: true
    dev: true
    optional: true

  /esbuild-netbsd-64/0.14.25:
    resolution: {integrity: sha512-TKIVgNWLUOkr+Exrye70XTEE1lJjdQXdM4tAXRzfHE9iBA7LXWcNtVIuSnphTqpanPzTDFarF0yqq4kpbC6miA==}
    engines: {node: '>=12'}
    cpu: [x64]
    os: [netbsd]
    requiresBuild: true
    dev: true
    optional: true

  /esbuild-openbsd-64/0.14.25:
    resolution: {integrity: sha512-QgFJ37A15D7NIXBTYEqz29+uw3nNBOIyog+3kFidANn6kjw0GHZ0lEYQn+cwjyzu94WobR+fes7cTl/ZYlHb1A==}
    engines: {node: '>=12'}
    cpu: [x64]
    os: [openbsd]
    requiresBuild: true
    dev: true
    optional: true

  /esbuild-sunos-64/0.14.25:
    resolution: {integrity: sha512-rmWfjUItYIVlqr5EnTH1+GCxXiBOC42WBZ3w++qh7n2cS9Xo0lO5pGSG2N+huOU2fX5L+6YUuJ78/vOYvefeFw==}
    engines: {node: '>=12'}
    cpu: [x64]
    os: [sunos]
    requiresBuild: true
    dev: true
    optional: true

  /esbuild-windows-32/0.14.25:
    resolution: {integrity: sha512-HGAxVUofl3iUIz9W10Y9XKtD0bNsK9fBXv1D55N/ljNvkrAYcGB8YCm0v7DjlwtyS6ws3dkdQyXadbxkbzaKOA==}
    engines: {node: '>=12'}
    cpu: [ia32]
    os: [win32]
    requiresBuild: true
    dev: true
    optional: true

  /esbuild-windows-64/0.14.25:
    resolution: {integrity: sha512-TirEohRkfWU9hXLgoDxzhMQD1g8I2mOqvdQF2RS9E/wbkORTAqJHyh7wqGRCQAwNzdNXdg3JAyhQ9/177AadWA==}
    engines: {node: '>=12'}
    cpu: [x64]
    os: [win32]
    requiresBuild: true
    dev: true
    optional: true

  /esbuild-windows-arm64/0.14.25:
    resolution: {integrity: sha512-4ype9ERiI45rSh+R8qUoBtaj6kJvUOI7oVLhKqPEpcF4Pa5PpT3hm/mXAyotJHREkHpM87PAJcA442mLnbtlNA==}
    engines: {node: '>=12'}
    cpu: [arm64]
    os: [win32]
    requiresBuild: true
    dev: true
    optional: true

  /esbuild/0.14.25:
    resolution: {integrity: sha512-4JHEIOMNFvK09ziiL+iVmldIhLbn49V4NAVo888tcGFKedEZY/Y8YapfStJ6zSE23tzYPKxqKwQBnQoIO0BI/Q==}
    engines: {node: '>=12'}
    hasBin: true
    requiresBuild: true
    optionalDependencies:
      esbuild-android-64: 0.14.25
      esbuild-android-arm64: 0.14.25
      esbuild-darwin-64: 0.14.25
      esbuild-darwin-arm64: 0.14.25
      esbuild-freebsd-64: 0.14.25
      esbuild-freebsd-arm64: 0.14.25
      esbuild-linux-32: 0.14.25
      esbuild-linux-64: 0.14.25
      esbuild-linux-arm: 0.14.25
      esbuild-linux-arm64: 0.14.25
      esbuild-linux-mips64le: 0.14.25
      esbuild-linux-ppc64le: 0.14.25
      esbuild-linux-riscv64: 0.14.25
      esbuild-linux-s390x: 0.14.25
      esbuild-netbsd-64: 0.14.25
      esbuild-openbsd-64: 0.14.25
      esbuild-sunos-64: 0.14.25
      esbuild-windows-32: 0.14.25
      esbuild-windows-64: 0.14.25
      esbuild-windows-arm64: 0.14.25
    dev: true

  /esprima/4.0.1:
    resolution: {integrity: sha512-eGuFFw7Upda+g4p+QHvnW0RyTX/SVeJBDM/gCtMARO0cLuT2HcEKnTPvhjV6aGeqrCB/sbNop0Kszm0jsaWU4A==}
    engines: {node: '>=4'}
    hasBin: true
    dev: false

  /estree-walker/2.0.2:
    resolution: {integrity: sha512-Rfkk/Mp/DL7JVje3u18FxFujQlTNR2q6QfMSMB7AvCBx91NGj/ba3kCfza0f6dVDbw7YlRf/nDrn7pQrCCyQ/w==}
    dev: false

  /extend-shallow/2.0.1:
    resolution: {integrity: sha512-zCnTtlxNoAiDc3gqY2aYAWFx7XWWiasuF2K8Me5WbN8otHKTUKBwjPtNpRs/rbUZm7KxWAaNj7P1a/p52GbVug==}
    engines: {node: '>=0.10.0'}
    dependencies:
      is-extendable: 0.1.1
    dev: false

  /follow-redirects/1.14.9:
    resolution: {integrity: sha512-MQDfihBQYMcyy5dhRDJUHcw7lb2Pv/TuE6xP1vyraLukNDHKbDxDNaOE3NbCAdKQApno+GPRyo1YAp89yCjK4w==}
    engines: {node: '>=4.0'}
    peerDependencies:
      debug: '*'
    peerDependenciesMeta:
      debug:
        optional: true
    dev: false

  /fsevents/2.3.2:
    resolution: {integrity: sha512-xiqMQR4xAeHTuB9uWm+fFRcIOgKBMiOBP+eXiyT7jsgVCq1bkVygt00oASowB7EdtpOHaaPgKt812P9ab+DDKA==}
    engines: {node: ^8.16.0 || ^10.6.0 || >=11.0.0}
    os: [darwin]
    requiresBuild: true
    dev: true
    optional: true

  /function-bind/1.1.1:
    resolution: {integrity: sha512-yIovAzMX49sF8Yl58fSCWJ5svSLuaibPxXQJFLmBObTuCr0Mf1KiPopGM9NiFjiYBCbfaa2Fh6breQ6ANVTI0A==}
    dev: true

  /gray-matter/4.0.3:
    resolution: {integrity: sha512-5v6yZd4JK3eMI3FqqCouswVqwugaA9r4dNZB1wwcmrD02QkV5H0y7XBQW8QwQqEaZY1pM9aqORSORhJRdNK44Q==}
    engines: {node: '>=6.0'}
    dependencies:
      js-yaml: 3.14.1
      kind-of: 6.0.3
      section-matter: 1.0.0
      strip-bom-string: 1.0.0
    dev: false

  /has/1.0.3:
    resolution: {integrity: sha512-f2dvO0VU6Oej7RkWJGrehjbzMAjFp5/VKPp5tTpWIV4JHHZK1/BxbFRtf/siA2SWTe09caDmVtYYzWEIbBS4zw==}
    engines: {node: '>= 0.4.0'}
    dependencies:
      function-bind: 1.1.1
    dev: true

  /is-core-module/2.8.1:
    resolution: {integrity: sha512-SdNCUs284hr40hFTFP6l0IfZ/RSrMXF3qgoRHd3/79unUTvrFO/JoXwkGm+5J/Oe3E/b5GsnG330uUNgRpu1PA==}
    dependencies:
      has: 1.0.3
    dev: true

  /is-extendable/0.1.1:
    resolution: {integrity: sha512-5BMULNob1vgFX6EjQw5izWDxrecWK9AM72rugNr0TFldMOi0fj6Jk+zeKIt0xGj4cEfQIJth4w3OKWOJ4f+AFw==}
    engines: {node: '>=0.10.0'}
    dev: false

  /js-yaml/3.14.1:
    resolution: {integrity: sha512-okMH7OXXJ7YrN9Ok3/SXrnu4iX9yOk+25nqX4imS2npuvTYDmo/QEZoqwZkYaIDk3jVvBOTOIEgEhaLOynBS9g==}
    hasBin: true
    dependencies:
      argparse: 1.0.10
      esprima: 4.0.1
    dev: false

  /kind-of/6.0.3:
    resolution: {integrity: sha512-dcS1ul+9tmeD95T+x28/ehLgd9mENa3LsvDTtzm3vyBEO7RPptvAD+t44WVXaUjTBRcrpFeFlC8WCruUR456hw==}
    engines: {node: '>=0.10.0'}
    dev: false

  /linkify-it/3.0.3:
    resolution: {integrity: sha512-ynTsyrFSdE5oZ/O9GEf00kPngmOfVwazR5GKDq6EYfhlpFug3J2zybX56a2PRRpc9P+FuSoGNAwjlbDs9jJBPQ==}
    dependencies:
      uc.micro: 1.0.6
    dev: false

  /magic-string/0.25.9:
    resolution: {integrity: sha512-RmF0AsMzgt25qzqqLc1+MbHmhdx0ojF2Fvs4XnOqz2ZOBXzzkEwc/dJQZCYHAn7v1jbVOjAZfK8msRn4BxO4VQ==}
    dependencies:
      sourcemap-codec: 1.4.8
    dev: false

  /markdown-it/12.3.2:
    resolution: {integrity: sha512-TchMembfxfNVpHkbtriWltGWc+m3xszaRD0CZup7GFFhzIgQqxIfn3eGj1yZpfuflzPvfkt611B2Q/Bsk1YnGg==}
    hasBin: true
    dependencies:
      argparse: 2.0.1
      entities: 2.1.0
      linkify-it: 3.0.3
      mdurl: 1.0.1
      uc.micro: 1.0.6
    dev: false

  /mdurl/1.0.1:
    resolution: {integrity: sha512-/sKlQJCBYVY9Ers9hqzKou4H6V5UWc/M59TH2dvkt+84itfnq7uFOMLpOiOS4ujvHP4etln18fmIxA5R5fll0g==}
    dev: false

  /nanoid/3.3.1:
    resolution: {integrity: sha512-n6Vs/3KGyxPQd6uO0eH4Bv0ojGSUvuLlIHtC3Y0kEO23YRge8H9x1GCzLn28YX0H66pMkxuaeESFq4tKISKwdw==}
    engines: {node: ^10 || ^12 || ^13.7 || ^14 || >=15.0.1}
    hasBin: true

  /p-limit/4.0.0:
    resolution: {integrity: sha512-5b0R4txpzjPWVw/cXXUResoD4hb6U/x9BH08L7nw+GN1sezDzPdxeRvpc9c433fZhBan/wusjbCsqwqm4EIBIQ==}
    engines: {node: ^12.20.0 || ^14.13.1 || >=16.0.0}
    dependencies:
      yocto-queue: 1.0.0
    dev: false

  /path-parse/1.0.7:
    resolution: {integrity: sha512-LDJzPVEEEPR+y48z93A0Ed0yXb8pAByGWo/k5YYdYgpY2/2EsOsksJrq7lOHxryrVOn1ejG6oAp8ahvOIQD8sw==}
    dev: true

  /picocolors/1.0.0:
    resolution: {integrity: sha512-1fygroTLlHu66zi26VoTDv8yRgm0Fccecssto+MhsZ0D/DGW2sm8E8AjW7NU5VVTRt5GxbeZ5qBuJr+HyLYkjQ==}

  /picomatch/2.3.1:
    resolution: {integrity: sha512-JU3teHTNjmE2VCGFzuY8EXzCDVwEqB2a8fsIvwaStHhAWJEeVd1o1QD80CU6+ZdEXXSLbSsuLwJjkCBWqRQUVA==}
    engines: {node: '>=8.6'}
    dev: false

  /postcss/8.4.8:
    resolution: {integrity: sha512-2tXEqGxrjvAO6U+CJzDL2Fk2kPHTv1jQsYkSoMeOis2SsYaXRO2COxTdQp99cYvif9JTXaAk9lYGc3VhJt7JPQ==}
    engines: {node: ^10 || ^12 || >=14}
    dependencies:
      nanoid: 3.3.1
      picocolors: 1.0.0
      source-map-js: 1.0.2

  /resolve/1.22.0:
    resolution: {integrity: sha512-Hhtrw0nLeSrFQ7phPp4OOcVjLPIeMnRlr5mcnVuMe7M/7eBn98A3hmFRLoFo3DLZkivSYwhRUJTyPyWAk56WLw==}
    hasBin: true
    dependencies:
      is-core-module: 2.8.1
      path-parse: 1.0.7
      supports-preserve-symlinks-flag: 1.0.0
    dev: true

  /rollup/2.70.0:
    resolution: {integrity: sha512-iEzYw+syFxQ0X9RefVwhr8BA2TNJsTaX8L8dhyeyMECDbmiba+8UQzcu+xZdji0+JQ+s7kouQnw+9Oz5M19XKA==}
    engines: {node: '>=10.0.0'}
    hasBin: true
    optionalDependencies:
      fsevents: 2.3.2
    dev: true

  /section-matter/1.0.0:
    resolution: {integrity: sha512-vfD3pmTzGpufjScBh50YHKzEu2lxBWhVEHsNGoEXmCmn2hKGfeNLYMzCJpe8cD7gqX7TJluOVpBkAequ6dgMmA==}
    engines: {node: '>=4'}
    dependencies:
      extend-shallow: 2.0.1
      kind-of: 6.0.3
    dev: false

  /source-map-js/1.0.2:
    resolution: {integrity: sha512-R0XvVJ9WusLiqTCEiGCmICCMplcCkIwwR11mOSD9CR5u+IXYdiseeEuXCVAjS54zqwkLcPNnmU4OeJ6tUrWhDw==}
    engines: {node: '>=0.10.0'}

  /source-map/0.6.1:
    resolution: {integrity: sha512-UjgapumWlbMhkBgzT7Ykc5YXUT46F0iKu8SGXq0bcwP5dz/h0Plj6enJqjz1Zbq2l5WaqYnrVbwWOWMyF3F47g==}
    engines: {node: '>=0.10.0'}
    dev: false

  /sourcemap-codec/1.4.8:
    resolution: {integrity: sha512-9NykojV5Uih4lgo5So5dtw+f0JgJX30KCNI8gwhz2J9A15wD0Ml6tjHKwf6fTSa6fAdVBdZeNOs9eJ71qCk8vA==}
    dev: false

  /sprintf-js/1.0.3:
    resolution: {integrity: sha512-D9cPgkvLlV3t3IzL0D0YLvGA9Ahk4PcvVwUbN0dSGr1aP0Nrt4AEnTUbuGvquEC0mA64Gqt1fzirlRs5ibXx8g==}
    dev: false

  /strip-bom-string/1.0.0:
    resolution: {integrity: sha512-uCC2VHvQRYu+lMh4My/sFNmF2klFymLX1wHJeXnbEJERpV/ZsVuonzerjfrGpIGF7LBVa1O7i9kjiWvJiFck8g==}
    engines: {node: '>=0.10.0'}
    dev: false

  /supports-preserve-symlinks-flag/1.0.0:
    resolution: {integrity: sha512-ot0WnXS9fgdkgIcePe6RHNk1WA8+muPa6cSjeR3V8K27q9BB1rTE3R1p7Hv0z1ZyAc8s6Vvv8DIyWf681MAt0w==}
    engines: {node: '>= 0.4'}
    dev: true

  /uc.micro/1.0.6:
    resolution: {integrity: sha512-8Y75pvTYkLJW2hWQHXxoqRgV7qb9B+9vFEtidML+7koHUFapnVJAZ6cKs+Qjz5Aw3aZWHMC6u0wJE3At+nSGwA==}
    dev: false

  /vite-plugin-md/0.11.9_vite@2.8.6:
    resolution: {integrity: sha512-0uD2BPIct3FbEA1hAm56hlrBByEn542HTsS/FoWf33lJIgijVBDDV6FE12ud0SHS6sculITKliF2ntog2kiHmQ==}
    peerDependencies:
      vite: ^2.0.0
    dependencies:
      '@antfu/utils': 0.5.0
      '@rollup/pluginutils': 4.2.0
      '@types/markdown-it': 12.2.3
      gray-matter: 4.0.3
      markdown-it: 12.3.2
      vite: 2.8.6
    dev: false

  /vite/2.8.6:
    resolution: {integrity: sha512-e4H0QpludOVKkmOsRyqQ7LTcMUDF3mcgyNU4lmi0B5JUbe0ZxeBBl8VoZ8Y6Rfn9eFKYtdXNPcYK97ZwH+K2ug==}
    engines: {node: '>=12.2.0'}
    hasBin: true
    peerDependencies:
      less: '*'
      sass: '*'
      stylus: '*'
    peerDependenciesMeta:
      less:
        optional: true
      sass:
        optional: true
      stylus:
        optional: true
    dependencies:
      esbuild: 0.14.25
      postcss: 8.4.8
      resolve: 1.22.0
      rollup: 2.70.0
    optionalDependencies:
      fsevents: 2.3.2
    dev: true

  /vue/3.2.31:
    resolution: {integrity: sha512-odT3W2tcffTiQCy57nOT93INw1auq5lYLLYtWpPYQQYQOOdHiqFct9Xhna6GJ+pJQaF67yZABraH47oywkJgFw==}
    dependencies:
      '@vue/compiler-dom': 3.2.31
      '@vue/compiler-sfc': 3.2.31
      '@vue/runtime-dom': 3.2.31
      '@vue/server-renderer': 3.2.31_vue@3.2.31
      '@vue/shared': 3.2.31
    dev: false

  /yocto-queue/1.0.0:
    resolution: {integrity: sha512-9bnSc/HEW2uRy67wc+T8UwauLuPJVn28jb+GtJY16iiKWyvmYJRXVT4UamsAEGQfPohgr2q4Tq0sQbQlxTfi1g==}
    engines: {node: '>=12.20'}
    dev: false
